
Microsoft Visual Studio Solution File, Format Version 12.00
# Visual Studio Version 17
VisualStudioVersion = 17.14.36310.24 d17.14
MinimumVisualStudioVersion = 10.0.40219.1
Project("{FAE04EC0-301F-11D3-BF4B-00C04F79EFBC}") = "Activity18", "Activity18.csproj", "{D66A14FC-65F2-4213-83AC-42490869C304}"
EndProject
Global
	GlobalSection(SolutionConfigurationPlatforms) = preSolution
		Debug|Any CPU = Debug|Any CPU
		Release|Any CPU = Release|Any CPU
	EndGlobalSection
	GlobalSection(ProjectConfigurationPlatforms) = postSolution
		{D66A14FC-65F2-4213-83AC-42490869C304}.Debug|Any CPU.ActiveCfg = Debug|Any CPU
		{D66A14FC-65F2-4213-83AC-42490869C304}.Debug|Any CPU.Build.0 = Debug|Any CPU
		{D66A14FC-65F2-4213-83AC-42490869C304}.Release|Any CPU.ActiveCfg = Release|Any CPU
		{D66A14FC-65F2-4213-83AC-42490869C304}.Release|Any CPU.Build.0 = Release|Any CPU
	EndGlobalSection
	GlobalSection(SolutionProperties) = preSolution
		HideSolutionNode = FALSE
	EndGlobalSection
	GlobalSection(ExtensibilityGlobals) = postSolution
		SolutionGuid = {9E5CFB85-9539-4485-92DA-3E3587C189B2}
	EndGlobalSection
EndGlobal
